{"format_version":"0.1","terraform_version":"0.12.18","planned_values":{"root_module":{"resources":[{"address":"aws_ebs_volume.example","mode":"managed","type":"aws_ebs_volume","name":"example","provider_name":"aws","schema_version":0,"values":{"availability_zone":"us-east-1","encrypted":true,"size":1,"tags":{"Name":"HelloWorld"}}},{"address":"aws_ebs_volume.example1","mode":"managed","type":"aws_ebs_volume","name":"example1","provider_name":"aws","schema_version":0,"values":{"availability_zone":"us-east-1","size":1,"tags":{"Name":"Hello"}}}]}},"resource_changes":[{"address":"aws_ebs_volume.example","mode":"managed","type":"aws_ebs_volume","name":"example","provider_name":"aws","change":{"actions":["create"],"before":null,"after":{"availability_zone":"us-east-1","encrypted":true,"size":1,"tags":{"Name":"HelloWorld"}},"after_unknown":{"arn":true,"id":true,"iops":true,"kms_key_id":true,"snapshot_id":true,"tags":{},"type":true}}},{"address":"aws_ebs_volume.example1","mode":"managed","type":"aws_ebs_volume","name":"example1","provider_name":"aws","change":{"actions":["create"],"before":null,"after":{"availability_zone":"us-east-1","size":1,"tags":{"Name":"Hello"}},"after_unknown":{"arn":true,"encrypted":true,"id":true,"iops":true,"kms_key_id":true,"snapshot_id":true,"tags":{},"type":true}}}],"configuration":{"provider_config":{"aws":{"name":"aws","expressions":{"region":{"constant_value":"us-east-1"}}}},"root_module":{"resources":[{"address":"aws_ebs_volume.example","mode":"managed","type":"aws_ebs_volume","name":"example","provider_config_key":"aws","expressions":{"availability_zone":{"constant_value":"us-east-1"},"encrypted":{"constant_value":"true"},"size":{"constant_value":1},"tags":{"constant_value":{"Name":"HelloWorld"}}},"schema_version":0},{"address":"aws_ebs_volume.example1","mode":"managed","type":"aws_ebs_volume","name":"example1","provider_config_key":"aws","expressions":{"availability_zone":{"constant_value":"us-east-1"},"size":{"constant_value":1},"tags":{"constant_value":{"Name":"Hello"}}},"schema_version":0}]}}}
