{"format_version":"0.1","terraform_version":"0.12.18","planned_values":{"root_module":{"resources":[{"address":"aws_iam_access_key.test-user","mode":"managed","type":"aws_iam_access_key","name":"test-user","provider_name":"aws","schema_version":0,"values":{"pgp_key":null,"user":"test-user-delete"}},{"address":"aws_iam_user.test-user","mode":"managed","type":"aws_iam_user","name":"test-user","provider_name":"aws","schema_version":0,"values":{"force_destroy":false,"name":"test-user-delete","path":"/","permissions_boundary":null,"tags":{"tag-key":"delete"}}},{"address":"aws_iam_user_policy.test-user-policy","mode":"managed","type":"aws_iam_user_policy","name":"test-user-policy","provider_name":"aws","schema_version":0,"values":{"name":"test-user-policy","name_prefix":null,"policy":"{\n  \"Version\": \"2012-10-17\",\n  \"Statement\": [\n    {\n      \"Action\": [\n        \"ec2:Describe*\"\n      ],\n      \"Effect\": \"Allow\",\n      \"Resource\": \"*\"\n    }\n  ]\n}\n","user":"test-user-delete"}},{"address":"aws_iam_user_policy.test-user-policy1","mode":"managed","type":"aws_iam_user_policy","name":"test-user-policy1","provider_name":"aws","schema_version":0,"values":{"name":"test-user-policy1","name_prefix":null,"policy":"{\n  \"Version\": \"2012-10-17\",\n  \"Statement\": [\n    {\n      \"Action\": [\n        \"s3:GetObject\"\n      ],\n      \"Effect\": \"Allow\",\n      \"Resource\": \"venkat\"\n    }\n  ]\n}\n","user":"test-user-delete"}}]}},"resource_changes":[{"address":"aws_iam_access_key.test-user","mode":"managed","type":"aws_iam_access_key","name":"test-user","provider_name":"aws","change":{"actions":["create"],"before":null,"after":{"pgp_key":null,"user":"test-user-delete"},"after_unknown":{"encrypted_secret":true,"id":true,"key_fingerprint":true,"secret":true,"ses_smtp_password":true,"ses_smtp_password_v4":true,"status":true}}},{"address":"aws_iam_user.test-user","mode":"managed","type":"aws_iam_user","name":"test-user","provider_name":"aws","change":{"actions":["create"],"before":null,"after":{"force_destroy":false,"name":"test-user-delete","path":"/","permissions_boundary":null,"tags":{"tag-key":"delete"}},"after_unknown":{"arn":true,"id":true,"tags":{},"unique_id":true}}},{"address":"aws_iam_user_policy.test-user-policy","mode":"managed","type":"aws_iam_user_policy","name":"test-user-policy","provider_name":"aws","change":{"actions":["create"],"before":null,"after":{"name":"test-user-policy","name_prefix":null,"policy":"{\n  \"Version\": \"2012-10-17\",\n  \"Statement\": [\n    {\n      \"Action\": [\n        \"ec2:Describe*\"\n      ],\n      \"Effect\": \"Allow\",\n      \"Resource\": \"*\"\n    }\n  ]\n}\n","user":"test-user-delete"},"after_unknown":{"id":true}}},{"address":"aws_iam_user_policy.test-user-policy1","mode":"managed","type":"aws_iam_user_policy","name":"test-user-policy1","provider_name":"aws","change":{"actions":["create"],"before":null,"after":{"name":"test-user-policy1","name_prefix":null,"policy":"{\n  \"Version\": \"2012-10-17\",\n  \"Statement\": [\n    {\n      \"Action\": [\n        \"s3:GetObject\"\n      ],\n      \"Effect\": \"Allow\",\n      \"Resource\": \"venkat\"\n    }\n  ]\n}\n","user":"test-user-delete"},"after_unknown":{"id":true}}}],"configuration":{"root_module":{"resources":[{"address":"aws_iam_access_key.test-user","mode":"managed","type":"aws_iam_access_key","name":"test-user","provider_config_key":"aws","expressions":{"user":{"references":["aws_iam_user.test-user"]}},"schema_version":0},{"address":"aws_iam_user.test-user","mode":"managed","type":"aws_iam_user","name":"test-user","provider_config_key":"aws","expressions":{"name":{"constant_value":"test-user-delete"},"tags":{"constant_value":{"tag-key":"delete"}}},"schema_version":0},{"address":"aws_iam_user_policy.test-user-policy","mode":"managed","type":"aws_iam_user_policy","name":"test-user-policy","provider_config_key":"aws","expressions":{"name":{"constant_value":"test-user-policy"},"policy":{"constant_value":"{\n  \"Version\": \"2012-10-17\",\n  \"Statement\": [\n    {\n      \"Action\": [\n        \"ec2:Describe*\"\n      ],\n      \"Effect\": \"Allow\",\n      \"Resource\": \"*\"\n    }\n  ]\n}\n"},"user":{"references":["aws_iam_user.test-user"]}},"schema_version":0},{"address":"aws_iam_user_policy.test-user-policy1","mode":"managed","type":"aws_iam_user_policy","name":"test-user-policy1","provider_config_key":"aws","expressions":{"name":{"constant_value":"test-user-policy1"},"policy":{"constant_value":"{\n  \"Version\": \"2012-10-17\",\n  \"Statement\": [\n    {\n      \"Action\": [\n        \"s3:GetObject\"\n      ],\n      \"Effect\": \"Allow\",\n      \"Resource\": \"venkat\"\n    }\n  ]\n}\n"},"user":{"references":["aws_iam_user.test-user"]}},"schema_version":0}]}}}
